// !$*UTF8*$!
{
	archiveVersion = 1;
	classes = {
	};
	objectVersion = 46;
	objects = {

/* Begin PBXBuildFile section */
		3434683342096FA0EF16D143 /* Pods_PiPass_iOS.framework in Frameworks */ = {isa = PBXBuildFile; fileRef = 9E13D521D952378E3BFA8721 /* Pods_PiPass_iOS.framework */; };
		6689C7461C0288ED008B8275 /* AppDelegate.swift in Sources */ = {isa = PBXBuildFile; fileRef = 6689C7451C0288ED008B8275 /* AppDelegate.swift */; };
		6689C7481C0288ED008B8275 /* ViewController.swift in Sources */ = {isa = PBXBuildFile; fileRef = 6689C7471C0288ED008B8275 /* ViewController.swift */; };
		6689C74B1C0288ED008B8275 /* Main.storyboard in Resources */ = {isa = PBXBuildFile; fileRef = 6689C7491C0288ED008B8275 /* Main.storyboard */; };
		6689C74D1C0288ED008B8275 /* Assets.xcassets in Resources */ = {isa = PBXBuildFile; fileRef = 6689C74C1C0288ED008B8275 /* Assets.xcassets */; };
		6689C7501C0288ED008B8275 /* LaunchScreen.storyboard in Resources */ = {isa = PBXBuildFile; fileRef = 6689C74E1C0288ED008B8275 /* LaunchScreen.storyboard */; };
		6689C7581C028961008B8275 /* Constants.swift in Sources */ = {isa = PBXBuildFile; fileRef = 6689C7571C028961008B8275 /* Constants.swift */; };
		6689C7611C02A9CD008B8275 /* MantelModelBase.m in Sources */ = {isa = PBXBuildFile; fileRef = 6689C7601C02A9CD008B8275 /* MantelModelBase.m */; };
		6689C7641C02AB03008B8275 /* CurrentState.m in Sources */ = {isa = PBXBuildFile; fileRef = 6689C7631C02AB03008B8275 /* CurrentState.m */; };
		6689C7671C02AD49008B8275 /* ChildObjectValue.m in Sources */ = {isa = PBXBuildFile; fileRef = 6689C7661C02AD49008B8275 /* ChildObjectValue.m */; };
		6689C76A1C02AEFE008B8275 /* GetCurrentState.swift in Sources */ = {isa = PBXBuildFile; fileRef = 6689C7691C02AEFE008B8275 /* GetCurrentState.swift */; };
		66BEE6081C02B55F00FBAB30 /* PiPassConfig.m in Sources */ = {isa = PBXBuildFile; fileRef = 66BEE6071C02B55F00FBAB30 /* PiPassConfig.m */; };
		66BEE60A1C02BA5000FBAB30 /* GetPiPassConfig.swift in Sources */ = {isa = PBXBuildFile; fileRef = 66BEE6091C02BA5000FBAB30 /* GetPiPassConfig.swift */; };
		66BEE60D1C02BDB100FBAB30 /* CurrentZoneEndTime.m in Sources */ = {isa = PBXBuildFile; fileRef = 66BEE60C1C02BDB100FBAB30 /* CurrentZoneEndTime.m */; };
		66BEE60F1C02BE2500FBAB30 /* GetCurrentZoneEndTime.swift in Sources */ = {isa = PBXBuildFile; fileRef = 66BEE60E1C02BE2500FBAB30 /* GetCurrentZoneEndTime.swift */; };
		66BEE6111C02C48A00FBAB30 /* GetStopPiPass.swift in Sources */ = {isa = PBXBuildFile; fileRef = 66BEE6101C02C48A00FBAB30 /* GetStopPiPass.swift */; };
		66BEE6131C02C4E800FBAB30 /* GetStartPiPass.swift in Sources */ = {isa = PBXBuildFile; fileRef = 66BEE6121C02C4E800FBAB30 /* GetStartPiPass.swift */; };
		66CCB6EA1C038E9600805B82 /* PostUpdateSettings.swift in Sources */ = {isa = PBXBuildFile; fileRef = 66CCB6E91C038E9600805B82 /* PostUpdateSettings.swift */; };
		66DBBE781C07745F00DADDA3 /* GetShutdownPi.swift in Sources */ = {isa = PBXBuildFile; fileRef = 66DBBE771C07745F00DADDA3 /* GetShutdownPi.swift */; };
		66DBBE7A1C0774AD00DADDA3 /* GetRestartPi.swift in Sources */ = {isa = PBXBuildFile; fileRef = 66DBBE791C0774AD00DADDA3 /* GetRestartPi.swift */; };
		66DBBE7C1C0774DC00DADDA3 /* GetRestartNetwork.swift in Sources */ = {isa = PBXBuildFile; fileRef = 66DBBE7B1C0774DC00DADDA3 /* GetRestartNetwork.swift */; };
		66DBBE801C07777C00DADDA3 /* GetBaseStringRequest.swift in Sources */ = {isa = PBXBuildFile; fileRef = 66DBBE7F1C07777C00DADDA3 /* GetBaseStringRequest.swift */; };
/* End PBXBuildFile section */

/* Begin PBXFileReference section */
		02572B031D3A9E39CBFA7A90 /* Pods-PiPass-iOS.release.xcconfig */ = {isa = PBXFileReference; includeInIndex = 1; lastKnownFileType = text.xcconfig; name = "Pods-PiPass-iOS.release.xcconfig"; path = "Pods/Target Support Files/Pods-PiPass-iOS/Pods-PiPass-iOS.release.xcconfig"; sourceTree = "<group>"; };
		6689C7421C0288ED008B8275 /* PiPass-iOS.app */ = {isa = PBXFileReference; explicitFileType = wrapper.application; includeInIndex = 0; path = "PiPass-iOS.app"; sourceTree = BUILT_PRODUCTS_DIR; };
		6689C7451C0288ED008B8275 /* AppDelegate.swift */ = {isa = PBXFileReference; lastKnownFileType = sourcecode.swift; path = AppDelegate.swift; sourceTree = "<group>"; };
		6689C7471C0288ED008B8275 /* ViewController.swift */ = {isa = PBXFileReference; lastKnownFileType = sourcecode.swift; path = ViewController.swift; sourceTree = "<group>"; };
		6689C74A1C0288ED008B8275 /* Base */ = {isa = PBXFileReference; lastKnownFileType = file.storyboard; name = Base; path = Base.lproj/Main.storyboard; sourceTree = "<group>"; };
		6689C74C1C0288ED008B8275 /* Assets.xcassets */ = {isa = PBXFileReference; lastKnownFileType = folder.assetcatalog; path = Assets.xcassets; sourceTree = "<group>"; };
		6689C74F1C0288ED008B8275 /* Base */ = {isa = PBXFileReference; lastKnownFileType = file.storyboard; name = Base; path = Base.lproj/LaunchScreen.storyboard; sourceTree = "<group>"; };
		6689C7511C0288ED008B8275 /* Info.plist */ = {isa = PBXFileReference; lastKnownFileType = text.plist.xml; path = Info.plist; sourceTree = "<group>"; };
		6689C7571C028961008B8275 /* Constants.swift */ = {isa = PBXFileReference; fileEncoding = 4; lastKnownFileType = sourcecode.swift; path = Constants.swift; sourceTree = "<group>"; };
		6689C75B1C02A9A7008B8275 /* PiPass-iOS-Bridging-Header.h */ = {isa = PBXFileReference; lastKnownFileType = sourcecode.c.h; path = "PiPass-iOS-Bridging-Header.h"; sourceTree = "<group>"; };
		6689C75F1C02A9CD008B8275 /* MantelModelBase.h */ = {isa = PBXFileReference; fileEncoding = 4; lastKnownFileType = sourcecode.c.h; path = MantelModelBase.h; sourceTree = "<group>"; };
		6689C7601C02A9CD008B8275 /* MantelModelBase.m */ = {isa = PBXFileReference; fileEncoding = 4; lastKnownFileType = sourcecode.c.objc; path = MantelModelBase.m; sourceTree = "<group>"; };
		6689C7621C02AB03008B8275 /* CurrentState.h */ = {isa = PBXFileReference; fileEncoding = 4; lastKnownFileType = sourcecode.c.h; path = CurrentState.h; sourceTree = "<group>"; };
		6689C7631C02AB03008B8275 /* CurrentState.m */ = {isa = PBXFileReference; fileEncoding = 4; lastKnownFileType = sourcecode.c.objc; path = CurrentState.m; sourceTree = "<group>"; };
		6689C7651C02AD49008B8275 /* ChildObjectValue.h */ = {isa = PBXFileReference; fileEncoding = 4; lastKnownFileType = sourcecode.c.h; path = ChildObjectValue.h; sourceTree = "<group>"; };
		6689C7661C02AD49008B8275 /* ChildObjectValue.m */ = {isa = PBXFileReference; fileEncoding = 4; lastKnownFileType = sourcecode.c.objc; path = ChildObjectValue.m; sourceTree = "<group>"; };
		6689C7691C02AEFE008B8275 /* GetCurrentState.swift */ = {isa = PBXFileReference; fileEncoding = 4; lastKnownFileType = sourcecode.swift; path = GetCurrentState.swift; sourceTree = "<group>"; };
		66BEE6061C02B55F00FBAB30 /* PiPassConfig.h */ = {isa = PBXFileReference; fileEncoding = 4; lastKnownFileType = sourcecode.c.h; path = PiPassConfig.h; sourceTree = "<group>"; };
		66BEE6071C02B55F00FBAB30 /* PiPassConfig.m */ = {isa = PBXFileReference; fileEncoding = 4; lastKnownFileType = sourcecode.c.objc; path = PiPassConfig.m; sourceTree = "<group>"; };
		66BEE6091C02BA5000FBAB30 /* GetPiPassConfig.swift */ = {isa = PBXFileReference; fileEncoding = 4; lastKnownFileType = sourcecode.swift; path = GetPiPassConfig.swift; sourceTree = "<group>"; };
		66BEE60B1C02BDB100FBAB30 /* CurrentZoneEndTime.h */ = {isa = PBXFileReference; fileEncoding = 4; lastKnownFileType = sourcecode.c.h; path = CurrentZoneEndTime.h; sourceTree = "<group>"; };
		66BEE60C1C02BDB100FBAB30 /* CurrentZoneEndTime.m */ = {isa = PBXFileReference; fileEncoding = 4; lastKnownFileType = sourcecode.c.objc; path = CurrentZoneEndTime.m; sourceTree = "<group>"; };
		66BEE60E1C02BE2500FBAB30 /* GetCurrentZoneEndTime.swift */ = {isa = PBXFileReference; fileEncoding = 4; lastKnownFileType = sourcecode.swift; path = GetCurrentZoneEndTime.swift; sourceTree = "<group>"; };
		66BEE6101C02C48A00FBAB30 /* GetStopPiPass.swift */ = {isa = PBXFileReference; fileEncoding = 4; lastKnownFileType = sourcecode.swift; path = GetStopPiPass.swift; sourceTree = "<group>"; };
		66BEE6121C02C4E800FBAB30 /* GetStartPiPass.swift */ = {isa = PBXFileReference; fileEncoding = 4; lastKnownFileType = sourcecode.swift; path = GetStartPiPass.swift; sourceTree = "<group>"; };
		66CCB6E91C038E9600805B82 /* PostUpdateSettings.swift */ = {isa = PBXFileReference; fileEncoding = 4; lastKnownFileType = sourcecode.swift; path = PostUpdateSettings.swift; sourceTree = "<group>"; };
		66DBBE771C07745F00DADDA3 /* GetShutdownPi.swift */ = {isa = PBXFileReference; fileEncoding = 4; lastKnownFileType = sourcecode.swift; path = GetShutdownPi.swift; sourceTree = "<group>"; };
		66DBBE791C0774AD00DADDA3 /* GetRestartPi.swift */ = {isa = PBXFileReference; fileEncoding = 4; lastKnownFileType = sourcecode.swift; path = GetRestartPi.swift; sourceTree = "<group>"; };
		66DBBE7B1C0774DC00DADDA3 /* GetRestartNetwork.swift */ = {isa = PBXFileReference; fileEncoding = 4; lastKnownFileType = sourcecode.swift; path = GetRestartNetwork.swift; sourceTree = "<group>"; };
		66DBBE7F1C07777C00DADDA3 /* GetBaseStringRequest.swift */ = {isa = PBXFileReference; fileEncoding = 4; lastKnownFileType = sourcecode.swift; path = GetBaseStringRequest.swift; sourceTree = "<group>"; };
		9E13D521D952378E3BFA8721 /* Pods_PiPass_iOS.framework */ = {isa = PBXFileReference; explicitFileType = wrapper.framework; includeInIndex = 0; path = Pods_PiPass_iOS.framework; sourceTree = BUILT_PRODUCTS_DIR; };
		EEEAAECA0349189D82C2798A /* Pods-PiPass-iOS.debug.xcconfig */ = {isa = PBXFileReference; includeInIndex = 1; lastKnownFileType = text.xcconfig; name = "Pods-PiPass-iOS.debug.xcconfig"; path = "Pods/Target Support Files/Pods-PiPass-iOS/Pods-PiPass-iOS.debug.xcconfig"; sourceTree = "<group>"; };
/* End PBXFileReference section */

/* Begin PBXFrameworksBuildPhase section */
		6689C73F1C0288ED008B8275 /* Frameworks */ = {
			isa = PBXFrameworksBuildPhase;
			buildActionMask = 2147483647;
			files = (
				3434683342096FA0EF16D143 /* Pods_PiPass_iOS.framework in Frameworks */,
			);
			runOnlyForDeploymentPostprocessing = 0;
		};
/* End PBXFrameworksBuildPhase section */

/* Begin PBXGroup section */
		6689C7391C0288ED008B8275 = {
			isa = PBXGroup;
			children = (
				6689C7441C0288ED008B8275 /* PiPass-iOS */,
				6689C7431C0288ED008B8275 /* Products */,
				D70DAA9286DABAA85E12B420 /* Pods */,
				BD06CA67F9020EE613AD4D56 /* Frameworks */,
			);
			sourceTree = "<group>";
		};
		6689C7431C0288ED008B8275 /* Products */ = {
			isa = PBXGroup;
			children = (
				6689C7421C0288ED008B8275 /* PiPass-iOS.app */,
			);
			name = Products;
			sourceTree = "<group>";
		};
		6689C7441C0288ED008B8275 /* PiPass-iOS */ = {
			isa = PBXGroup;
			children = (
				6689C7471C0288ED008B8275 /* ViewController.swift */,
				6689C7681C02AED6008B8275 /* Networking */,
				6689C75A1C028EF7008B8275 /* Models */,
				6689C7591C028EF1008B8275 /* Resources */,
			);
			path = "PiPass-iOS";
			sourceTree = "<group>";
		};
		6689C7591C028EF1008B8275 /* Resources */ = {
			isa = PBXGroup;
			children = (
				6689C75B1C02A9A7008B8275 /* PiPass-iOS-Bridging-Header.h */,
				6689C7451C0288ED008B8275 /* AppDelegate.swift */,
				6689C7571C028961008B8275 /* Constants.swift */,
				6689C7491C0288ED008B8275 /* Main.storyboard */,
				6689C74E1C0288ED008B8275 /* LaunchScreen.storyboard */,
				6689C74C1C0288ED008B8275 /* Assets.xcassets */,
				6689C7511C0288ED008B8275 /* Info.plist */,
			);
			name = Resources;
			sourceTree = "<group>";
		};
		6689C75A1C028EF7008B8275 /* Models */ = {
			isa = PBXGroup;
			children = (
				6689C7621C02AB03008B8275 /* CurrentState.h */,
				6689C7631C02AB03008B8275 /* CurrentState.m */,
				6689C7651C02AD49008B8275 /* ChildObjectValue.h */,
				6689C7661C02AD49008B8275 /* ChildObjectValue.m */,
				66BEE6061C02B55F00FBAB30 /* PiPassConfig.h */,
				66BEE6071C02B55F00FBAB30 /* PiPassConfig.m */,
				66BEE60B1C02BDB100FBAB30 /* CurrentZoneEndTime.h */,
				66BEE60C1C02BDB100FBAB30 /* CurrentZoneEndTime.m */,
				6689C75F1C02A9CD008B8275 /* MantelModelBase.h */,
				6689C7601C02A9CD008B8275 /* MantelModelBase.m */,
			);
			name = Models;
			sourceTree = "<group>";
		};
		6689C7681C02AED6008B8275 /* Networking */ = {
			isa = PBXGroup;
			children = (
				6689C7691C02AEFE008B8275 /* GetCurrentState.swift */,
				66BEE6091C02BA5000FBAB30 /* GetPiPassConfig.swift */,
				66BEE60E1C02BE2500FBAB30 /* GetCurrentZoneEndTime.swift */,
				66BEE6101C02C48A00FBAB30 /* GetStopPiPass.swift */,
				66BEE6121C02C4E800FBAB30 /* GetStartPiPass.swift */,
				66DBBE771C07745F00DADDA3 /* GetShutdownPi.swift */,
				66DBBE791C0774AD00DADDA3 /* GetRestartPi.swift */,
				66DBBE7B1C0774DC00DADDA3 /* GetRestartNetwork.swift */,
				66CCB6E91C038E9600805B82 /* PostUpdateSettings.swift */,
				66DBBE7F1C07777C00DADDA3 /* GetBaseStringRequest.swift */,
			);
			name = Networking;
			sourceTree = "<group>";
		};
		BD06CA67F9020EE613AD4D56 /* Frameworks */ = {
			isa = PBXGroup;
			children = (
				9E13D521D952378E3BFA8721 /* Pods_PiPass_iOS.framework */,
			);
			name = Frameworks;
			sourceTree = "<group>";
		};
		D70DAA9286DABAA85E12B420 /* Pods */ = {
			isa = PBXGroup;
			children = (
				EEEAAECA0349189D82C2798A /* Pods-PiPass-iOS.debug.xcconfig */,
				02572B031D3A9E39CBFA7A90 /* Pods-PiPass-iOS.release.xcconfig */,
			);
			name = Pods;
			sourceTree = "<group>";
		};
/* End PBXGroup section */

/* Begin PBXNativeTarget section */
		6689C7411C0288ED008B8275 /* PiPass-iOS */ = {
			isa = PBXNativeTarget;
			buildConfigurationList = 6689C7541C0288ED008B8275 /* Build configuration list for PBXNativeTarget "PiPass-iOS" */;
			buildPhases = (
				04F7495D556B20AF452392C5 /* Check Pods Manifest.lock */,
				6689C73E1C0288ED008B8275 /* Sources */,
				6689C73F1C0288ED008B8275 /* Frameworks */,
				6689C7401C0288ED008B8275 /* Resources */,
				AD8932E41B9C8CD6B4E8360F /* Embed Pods Frameworks */,
				95C42609AD9A7E861D239CB5 /* Copy Pods Resources */,
			);
			buildRules = (
			);
			dependencies = (
			);
			name = "PiPass-iOS";
			productName = "PiPass-iOS";
			productReference = 6689C7421C0288ED008B8275 /* PiPass-iOS.app */;
			productType = "com.apple.product-type.application";
		};
/* End PBXNativeTarget section */

/* Begin PBXProject section */
		6689C73A1C0288ED008B8275 /* Project object */ = {
			isa = PBXProject;
			attributes = {
				LastSwiftUpdateCheck = 0710;
				LastUpgradeCheck = 0710;
				ORGANIZATIONNAME = "Jeremy Roberts";
				TargetAttributes = {
					6689C7411C0288ED008B8275 = {
						CreatedOnToolsVersion = 7.1;
					};
				};
			};
			buildConfigurationList = 6689C73D1C0288ED008B8275 /* Build configuration list for PBXProject "PiPass-iOS" */;
			compatibilityVersion = "Xcode 3.2";
			developmentRegion = English;
			hasScannedForEncodings = 0;
			knownRegions = (
				en,
				Base,
			);
			mainGroup = 6689C7391C0288ED008B8275;
			productRefGroup = 6689C7431C0288ED008B8275 /* Products */;
			projectDirPath = "";
			projectRoot = "";
			targets = (
				6689C7411C0288ED008B8275 /* PiPass-iOS */,
			);
		};
/* End PBXProject section */

/* Begin PBXResourcesBuildPhase section */
		6689C7401C0288ED008B8275 /* Resources */ = {
			isa = PBXResourcesBuildPhase;
			buildActionMask = 2147483647;
			files = (
				6689C7501C0288ED008B8275 /* LaunchScreen.storyboard in Resources */,
				6689C74D1C0288ED008B8275 /* Assets.xcassets in Resources */,
				6689C74B1C0288ED008B8275 /* Main.storyboard in Resources */,
			);
			runOnlyForDeploymentPostprocessing = 0;
		};
/* End PBXResourcesBuildPhase section */

/* Begin PBXShellScriptBuildPhase section */
		04F7495D556B20AF452392C5 /* Check Pods Manifest.lock */ = {
			isa = PBXShellScriptBuildPhase;
			buildActionMask = 2147483647;
			files = (
			);
			inputPaths = (
			);
			name = "Check Pods Manifest.lock";
			outputPaths = (
			);
			runOnlyForDeploymentPostprocessing = 0;
			shellPath = /bin/sh;
			shellScript = "diff \"${PODS_ROOT}/../Podfile.lock\" \"${PODS_ROOT}/Manifest.lock\" > /dev/null\nif [[ $? != 0 ]] ; then\n    cat << EOM\nerror: The sandbox is not in sync with the Podfile.lock. Run 'pod install' or update your CocoaPods installation.\nEOM\n    exit 1\nfi\n";
			showEnvVarsInLog = 0;
		};
		95C42609AD9A7E861D239CB5 /* Copy Pods Resources */ = {
			isa = PBXShellScriptBuildPhase;
			buildActionMask = 2147483647;
			files = (
			);
			inputPaths = (
			);
			name = "Copy Pods Resources";
			outputPaths = (
			);
			runOnlyForDeploymentPostprocessing = 0;
			shellPath = /bin/sh;
			shellScript = "\"${SRCROOT}/Pods/Target Support Files/Pods-PiPass-iOS/Pods-PiPass-iOS-resources.sh\"\n";
			showEnvVarsInLog = 0;
		};
		AD8932E41B9C8CD6B4E8360F /* Embed Pods Frameworks */ = {
			isa = PBXShellScriptBuildPhase;
			buildActionMask = 2147483647;
			files = (
			);
			inputPaths = (
			);
			name = "Embed Pods Frameworks";
			outputPaths = (
			);
			runOnlyForDeploymentPostprocessing = 0;
			shellPath = /bin/sh;
			shellScript = "\"${SRCROOT}/Pods/Target Support Files/Pods-PiPass-iOS/Pods-PiPass-iOS-frameworks.sh\"\n";
			showEnvVarsInLog = 0;
		};
/* End PBXShellScriptBuildPhase section */

/* Begin PBXSourcesBuildPhase section */
		6689C73E1C0288ED008B8275 /* Sources */ = {
			isa = PBXSourcesBuildPhase;
			buildActionMask = 2147483647;
			files = (
				6689C76A1C02AEFE008B8275 /* GetCurrentState.swift in Sources */,
				6689C7611C02A9CD008B8275 /* MantelModelBase.m in Sources */,
				66BEE60D1C02BDB100FBAB30 /* CurrentZoneEndTime.m in Sources */,
				66DBBE781C07745F00DADDA3 /* GetShutdownPi.swift in Sources */,
				66BEE6111C02C48A00FBAB30 /* GetStopPiPass.swift in Sources */,
				66BEE60A1C02BA5000FBAB30 /* GetPiPassConfig.swift in Sources */,
				66DBBE7C1C0774DC00DADDA3 /* GetRestartNetwork.swift in Sources */,
				66BEE6131C02C4E800FBAB30 /* GetStartPiPass.swift in Sources */,
				66BEE60F1C02BE2500FBAB30 /* GetCurrentZoneEndTime.swift in Sources */,
				6689C7671C02AD49008B8275 /* ChildObjectValue.m in Sources */,
				6689C7481C0288ED008B8275 /* ViewController.swift in Sources */,
				66CCB6EA1C038E9600805B82 /* PostUpdateSettings.swift in Sources */,
				66DBBE801C07777C00DADDA3 /* GetBaseStringRequest.swift in Sources */,
				66DBBE7A1C0774AD00DADDA3 /* GetRestartPi.swift in Sources */,
				6689C7461C0288ED008B8275 /* AppDelegate.swift in Sources */,
				6689C7581C028961008B8275 /* Constants.swift in Sources */,
				6689C7641C02AB03008B8275 /* CurrentState.m in Sources */,
				66BEE6081C02B55F00FBAB30 /* PiPassConfig.m in Sources */,
			);
			runOnlyForDeploymentPostprocessing = 0;
		};
/* End PBXSourcesBuildPhase section */

/* Begin PBXVariantGroup section */
		6689C7491C0288ED008B8275 /* Main.storyboard */ = {
			isa = PBXVariantGroup;
			children = (
				6689C74A1C0288ED008B8275 /* Base */,
			);
			name = Main.storyboard;
			sourceTree = "<group>";
		};
		6689C74E1C0288ED008B8275 /* LaunchScreen.storyboard */ = {
			isa = PBXVariantGroup;
			children = (
				6689C74F1C0288ED008B8275 /* Base */,
			);
			name = LaunchScreen.storyboard;
			sourceTree = "<group>";
		};
/* End PBXVariantGroup section */

/* Begin XCBuildConfiguration section */
		6689C7521C0288ED008B8275 /* Debug */ = {
			isa = XCBuildConfiguration;
			buildSettings = {
				ALWAYS_SEARCH_USER_PATHS = NO;
				CLANG_CXX_LANGUAGE_STANDARD = "gnu++0x";
				CLANG_CXX_LIBRARY = "libc++";
				CLANG_ENABLE_MODULES = YES;
				CLANG_ENABLE_OBJC_ARC = YES;
				CLANG_WARN_BOOL_CONVERSION = YES;
				CLANG_WARN_CONSTANT_CONVERSION = YES;
				CLANG_WARN_DIRECT_OBJC_ISA_USAGE = YES_ERROR;
				CLANG_WARN_EMPTY_BODY = YES;
				CLANG_WARN_ENUM_CONVERSION = YES;
				CLANG_WARN_INT_CONVERSION = YES;
				CLANG_WARN_OBJC_ROOT_CLASS = YES_ERROR;
				CLANG_WARN_UNREACHABLE_CODE = YES;
				CLANG_WARN__DUPLICATE_METHOD_MATCH = YES;
				"CODE_SIGN_IDENTITY[sdk=iphoneos*]" = "iPhone Developer";
				COPY_PHASE_STRIP = NO;
				DEBUG_INFORMATION_FORMAT = dwarf;
				ENABLE_STRICT_OBJC_MSGSEND = YES;
				ENABLE_TESTABILITY = YES;
				GCC_C_LANGUAGE_STANDARD = gnu99;
				GCC_DYNAMIC_NO_PIC = NO;
				GCC_NO_COMMON_BLOCKS = YES;
				GCC_OPTIMIZATION_LEVEL = 0;
				GCC_PREPROCESSOR_DEFINITIONS = (
					"DEBUG=1",
					"$(inherited)",
				);
				GCC_WARN_64_TO_32_BIT_CONVERSION = YES;
				GCC_WARN_ABOUT_RETURN_TYPE = YES_ERROR;
				GCC_WARN_UNDECLARED_SELECTOR = YES;
				GCC_WARN_UNINITIALIZED_AUTOS = YES_AGGRESSIVE;
				GCC_WARN_UNUSED_FUNCTION = YES;
				GCC_WARN_UNUSED_VARIABLE = YES;
				IPHONEOS_DEPLOYMENT_TARGET = 8.0;
				MTL_ENABLE_DEBUG_INFO = YES;
				ONLY_ACTIVE_ARCH = YES;
				SDKROOT = iphoneos;
				SWIFT_OPTIMIZATION_LEVEL = "-Onone";
				TARGETED_DEVICE_FAMILY = "1,2";
			};
			name = Debug;
		};
		6689C7531C0288ED008B8275 /* Release */ = {
			isa = XCBuildConfiguration;
			buildSettings = {
				ALWAYS_SEARCH_USER_PATHS = NO;
				CLANG_CXX_LANGUAGE_STANDARD = "gnu++0x";
				CLANG_CXX_LIBRARY = "libc++";
				CLANG_ENABLE_MODULES = YES;
				CLANG_ENABLE_OBJC_ARC = YES;
				CLANG_WARN_BOOL_CONVERSION = YES;
				CLANG_WARN_CONSTANT_CONVERSION = YES;
				CLANG_WARN_DIRECT_OBJC_ISA_USAGE = YES_ERROR;
				CLANG_WARN_EMPTY_BODY = YES;
				CLANG_WARN_ENUM_CONVERSION = YES;
				CLANG_WARN_INT_CONVERSION = YES;
				CLANG_WARN_OBJC_ROOT_CLASS = YES_ERROR;
				CLANG_WARN_UNREACHABLE_CODE = YES;
				CLANG_WARN__DUPLICATE_METHOD_MATCH = YES;
				"CODE_SIGN_IDENTITY[sdk=iphoneos*]" = "iPhone Developer";
				COPY_PHASE_STRIP = NO;
				DEBUG_INFORMATION_FORMAT = "dwarf-with-dsym";
				ENABLE_NS_ASSERTIONS = NO;
				ENABLE_STRICT_OBJC_MSGSEND = YES;
				GCC_C_LANGUAGE_STANDARD = gnu99;
				GCC_NO_COMMON_BLOCKS = YES;
				GCC_WARN_64_TO_32_BIT_CONVERSION = YES;
				GCC_WARN_ABOUT_RETURN_TYPE = YES_ERROR;
				GCC_WARN_UNDECLARED_SELECTOR = YES;
				GCC_WARN_UNINITIALIZED_AUTOS = YES_AGGRESSIVE;
				GCC_WARN_UNUSED_FUNCTION = YES;
				GCC_WARN_UNUSED_VARIABLE = YES;
				IPHONEOS_DEPLOYMENT_TARGET = 8.0;
				MTL_ENABLE_DEBUG_INFO = NO;
				SDKROOT = iphoneos;
				TARGETED_DEVICE_FAMILY = "1,2";
				VALIDATE_PRODUCT = YES;
			};
			name = Release;
		};
		6689C7551C0288ED008B8275 /* Debug */ = {
			isa = XCBuildConfiguration;
			baseConfigurationReference = EEEAAECA0349189D82C2798A /* Pods-PiPass-iOS.debug.xcconfig */;
			buildSettings = {
				ASSETCATALOG_COMPILER_APPICON_NAME = AppIcon;
				CLANG_ENABLE_MODULES = YES;
				INFOPLIST_FILE = "PiPass-iOS/Info.plist";
				IPHONEOS_DEPLOYMENT_TARGET = 8.0;
				LD_RUNPATH_SEARCH_PATHS = "$(inherited) @executable_path/Frameworks";
				PRODUCT_BUNDLE_IDENTIFIER = "com.quiverapps.PiPass-iOS";
				PRODUCT_NAME = "$(TARGET_NAME)";
				SWIFT_OBJC_BRIDGING_HEADER = "PiPass-iOS/PiPass-iOS-Bridging-Header.h";
				SWIFT_OPTIMIZATION_LEVEL = "-Onone";
			};
			name = Debug;
		};
		6689C7561C0288ED008B8275 /* Release */ = {
			isa = XCBuildConfiguration;
			baseConfigurationReference = 02572B031D3A9E39CBFA7A90 /* Pods-PiPass-iOS.release.xcconfig */;
			buildSettings = {
				ASSETCATALOG_COMPILER_APPICON_NAME = AppIcon;
				CLANG_ENABLE_MODULES = YES;
				INFOPLIST_FILE = "PiPass-iOS/Info.plist";
				IPHONEOS_DEPLOYMENT_TARGET = 8.0;
				LD_RUNPATH_SEARCH_PATHS = "$(inherited) @executable_path/Frameworks";
				PRODUCT_BUNDLE_IDENTIFIER = "com.quiverapps.PiPass-iOS";
				PRODUCT_NAME = "$(TARGET_NAME)";
				SWIFT_OBJC_BRIDGING_HEADER = "PiPass-iOS/PiPass-iOS-Bridging-Header.h";
			};
			name = Release;
		};
/* End XCBuildConfiguration section */

/* Begin XCConfigurationList section */
		6689C73D1C0288ED008B8275 /* Build configuration list for PBXProject "PiPass-iOS" */ = {
			isa = XCConfigurationList;
			buildConfigurations = (
				6689C7521C0288ED008B8275 /* Debug */,
				6689C7531C0288ED008B8275 /* Release */,
			);
			defaultConfigurationIsVisible = 0;
			defaultConfigurationName = Release;
		};
		6689C7541C0288ED008B8275 /* Build configuration list for PBXNativeTarget "PiPass-iOS" */ = {
			isa = XCConfigurationList;
			buildConfigurations = (
				6689C7551C0288ED008B8275 /* Debug */,
				6689C7561C0288ED008B8275 /* Release */,
			);
			defaultConfigurationIsVisible = 0;
			defaultConfigurationName = Release;
		};
/* End XCConfigurationList section */
	};
	rootObject = 6689C73A1C0288ED008B8275 /* Project object */;
}
